
Microsoft Visual Studio Solution File, Format Version 12.00
# Visual Studio Version 16
VisualStudioVersion = 16.0.30804.86
MinimumVisualStudioVersion = 10.0.40219.1
Project("{FAE04EC0-301F-11D3-BF4B-00C04F79EFBC}") = "Examen1NetCoreNazaret", "Examen1NetCoreNazaret\Examen1NetCoreNazaret.csproj", "{DA3441A4-E499-4EE0-808F-23F9E818B0EC}"
EndProject
Global
	GlobalSection(SolutionConfigurationPlatforms) = preSolution
		Debug|Any CPU = Debug|Any CPU
		Release|Any CPU = Release|Any CPU
	EndGlobalSection
	GlobalSection(ProjectConfigurationPlatforms) = postSolution
		{DA3441A4-E499-4EE0-808F-23F9E818B0EC}.Debug|Any CPU.ActiveCfg = Debug|Any CPU
		{DA3441A4-E499-4EE0-808F-23F9E818B0EC}.Debug|Any CPU.Build.0 = Debug|Any CPU
		{DA3441A4-E499-4EE0-808F-23F9E818B0EC}.Release|Any CPU.ActiveCfg = Release|Any CPU
		{DA3441A4-E499-4EE0-808F-23F9E818B0EC}.Release|Any CPU.Build.0 = Release|Any CPU
	EndGlobalSection
	GlobalSection(SolutionProperties) = preSolution
		HideSolutionNode = FALSE
	EndGlobalSection
	GlobalSection(ExtensibilityGlobals) = postSolution
		SolutionGuid = {7FB493ED-058E-4983-9A3F-DF37A05A195A}
	EndGlobalSection
EndGlobal
